
Microsoft Visual Studio Solution File, Format Version 12.00
Global
	GlobalSection(SolutionConfigurationPlatforms) = preSolution
		Debug|Any CPU = Debug|Any CPU
		Release|Any CPU = Release|Any CPU
	EndGlobalSection
	GlobalSection(ProjectConfigurationPlatforms) = postSolution
		{FEB31EB7-CEC4-472C-BAB1-A900F2F35972}.Debug|Any CPU.ActiveCfg = Debug|Any CPU
		{FEB31EB7-CEC4-472C-BAB1-A900F2F35972}.Debug|Any CPU.Build.0 = Debug|Any CPU
		{FEB31EB7-CEC4-472C-BAB1-A900F2F35972}.Release|Any CPU.ActiveCfg = Release|Any CPU
		{FEB31EB7-CEC4-472C-BAB1-A900F2F35972}.Release|Any CPU.Build.0 = Release|Any CPU
	EndGlobalSection
EndGlobal
